
Microsoft Visual Studio Solution File, Format Version 12.00
# Visual Studio Version 17
VisualStudioVersion = 17.9.34728.123
MinimumVisualStudioVersion = 10.0.40219.1
Project("{0C603C2C-620A-423B-A800-4F3E2F6281F1}") = "uSQL", "uSQL\uSQL.usqldbproj", "{2FF1D7A4-1175-4443-A706-F5A5F26FEA1A}"
EndProject
Global
	GlobalSection(SolutionConfigurationPlatforms) = preSolution
		Debug|Any CPU = Debug|Any CPU
		Release|Any CPU = Release|Any CPU
	EndGlobalSection
	GlobalSection(ProjectConfigurationPlatforms) = postSolution
		{2FF1D7A4-1175-4443-A706-F5A5F26FEA1A}.Debug|Any CPU.ActiveCfg = Debug|Any CPU
		{2FF1D7A4-1175-4443-A706-F5A5F26FEA1A}.Debug|Any CPU.Build.0 = Debug|Any CPU
		{2FF1D7A4-1175-4443-A706-F5A5F26FEA1A}.Release|Any CPU.ActiveCfg = Release|Any CPU
		{2FF1D7A4-1175-4443-A706-F5A5F26FEA1A}.Release|Any CPU.Build.0 = Release|Any CPU
	EndGlobalSection
	GlobalSection(SolutionProperties) = preSolution
		HideSolutionNode = FALSE
	EndGlobalSection
	GlobalSection(ExtensibilityGlobals) = postSolution
		SolutionGuid = {A2586C0D-A136-4DBD-9511-DAF56C58256F}
	EndGlobalSection
EndGlobal
